// !$*UTF8*$!
{
	archiveVersion = 1;
	classes = {
	};
	objectVersion = 46;
	objects = {

/* Begin PBXBuildFile section */
		6539BAF41C90CFF600CA1244 /* AppDelegate.swift in Sources */ = {isa = PBXBuildFile; fileRef = 6539BAF31C90CFF600CA1244 /* AppDelegate.swift */; };
		6539BAF61C90CFF600CA1244 /* ViewController.swift in Sources */ = {isa = PBXBuildFile; fileRef = 6539BAF51C90CFF600CA1244 /* ViewController.swift */; };
		6539BAF91C90CFF600CA1244 /* Main.storyboard in Resources */ = {isa = PBXBuildFile; fileRef = 6539BAF71C90CFF600CA1244 /* Main.storyboard */; };
		6539BAFB1C90CFF600CA1244 /* Assets.xcassets in Resources */ = {isa = PBXBuildFile; fileRef = 6539BAFA1C90CFF600CA1244 /* Assets.xcassets */; };
		6539BAFE1C90CFF600CA1244 /* LaunchScreen.storyboard in Resources */ = {isa = PBXBuildFile; fileRef = 6539BAFC1C90CFF600CA1244 /* LaunchScreen.storyboard */; };
		6539BB071C90D31200CA1244 /* OAuthSwift.framework in Frameworks */ = {isa = PBXBuildFile; fileRef = 6539BB051C90D31200CA1244 /* OAuthSwift.framework */; };
		6539BB081C90D31200CA1244 /* SWXMLHash.framework in Frameworks */ = {isa = PBXBuildFile; fileRef = 6539BB061C90D31200CA1244 /* SWXMLHash.framework */; };
/* End PBXBuildFile section */

/* Begin PBXFileReference section */
		6539BAF01C90CFF600CA1244 /* GROAuthExample.app */ = {isa = PBXFileReference; explicitFileType = wrapper.application; includeInIndex = 0; path = GROAuthExample.app; sourceTree = BUILT_PRODUCTS_DIR; };
		6539BAF31C90CFF600CA1244 /* AppDelegate.swift */ = {isa = PBXFileReference; lastKnownFileType = sourcecode.swift; path = AppDelegate.swift; sourceTree = "<group>"; };
		6539BAF51C90CFF600CA1244 /* ViewController.swift */ = {isa = PBXFileReference; lastKnownFileType = sourcecode.swift; path = ViewController.swift; sourceTree = "<group>"; };
		6539BAF81C90CFF600CA1244 /* Base */ = {isa = PBXFileReference; lastKnownFileType = file.storyboard; name = Base; path = Base.lproj/Main.storyboard; sourceTree = "<group>"; };
		6539BAFA1C90CFF600CA1244 /* Assets.xcassets */ = {isa = PBXFileReference; lastKnownFileType = folder.assetcatalog; path = Assets.xcassets; sourceTree = "<group>"; };
		6539BAFD1C90CFF600CA1244 /* Base */ = {isa = PBXFileReference; lastKnownFileType = file.storyboard; name = Base; path = Base.lproj/LaunchScreen.storyboard; sourceTree = "<group>"; };
		6539BAFF1C90CFF600CA1244 /* Info.plist */ = {isa = PBXFileReference; lastKnownFileType = text.plist.xml; path = Info.plist; sourceTree = "<group>"; };
		6539BB051C90D31200CA1244 /* OAuthSwift.framework */ = {isa = PBXFileReference; lastKnownFileType = wrapper.framework; name = OAuthSwift.framework; path = Carthage/Build/iOS/OAuthSwift.framework; sourceTree = "<group>"; };
		6539BB061C90D31200CA1244 /* SWXMLHash.framework */ = {isa = PBXFileReference; lastKnownFileType = wrapper.framework; name = SWXMLHash.framework; path = Carthage/Build/iOS/SWXMLHash.framework; sourceTree = "<group>"; };
/* End PBXFileReference section */

/* Begin PBXFrameworksBuildPhase section */
		6539BAED1C90CFF600CA1244 /* Frameworks */ = {
			isa = PBXFrameworksBuildPhase;
			buildActionMask = 2147483647;
			files = (
				6539BB071C90D31200CA1244 /* OAuthSwift.framework in Frameworks */,
				6539BB081C90D31200CA1244 /* SWXMLHash.framework in Frameworks */,
			);
			runOnlyForDeploymentPostprocessing = 0;
		};
/* End PBXFrameworksBuildPhase section */

/* Begin PBXGroup section */
		6539BAE71C90CFF500CA1244 = {
			isa = PBXGroup;
			children = (
				6539BB051C90D31200CA1244 /* OAuthSwift.framework */,
				6539BB061C90D31200CA1244 /* SWXMLHash.framework */,
				6539BAF21C90CFF600CA1244 /* GROAuthExample */,
				6539BAF11C90CFF600CA1244 /* Products */,
			);
			sourceTree = "<group>";
		};
		6539BAF11C90CFF600CA1244 /* Products */ = {
			isa = PBXGroup;
			children = (
				6539BAF01C90CFF600CA1244 /* GROAuthExample.app */,
			);
			name = Products;
			sourceTree = "<group>";
		};
		6539BAF21C90CFF600CA1244 /* GROAuthExample */ = {
			isa = PBXGroup;
			children = (
				6539BAF31C90CFF600CA1244 /* AppDelegate.swift */,
				6539BAF51C90CFF600CA1244 /* ViewController.swift */,
				6539BAF71C90CFF600CA1244 /* Main.storyboard */,
				6539BAFA1C90CFF600CA1244 /* Assets.xcassets */,
				6539BAFC1C90CFF600CA1244 /* LaunchScreen.storyboard */,
				6539BAFF1C90CFF600CA1244 /* Info.plist */,
			);
			path = GROAuthExample;
			sourceTree = "<group>";
		};
/* End PBXGroup section */

/* Begin PBXNativeTarget section */
		6539BAEF1C90CFF600CA1244 /* GROAuthExample */ = {
			isa = PBXNativeTarget;
			buildConfigurationList = 6539BB021C90CFF600CA1244 /* Build configuration list for PBXNativeTarget "GROAuthExample" */;
			buildPhases = (
				6539BAEC1C90CFF600CA1244 /* Sources */,
				6539BAED1C90CFF600CA1244 /* Frameworks */,
				6539BAEE1C90CFF600CA1244 /* Resources */,
				6539BB091C90D33D00CA1244 /* ShellScript */,
			);
			buildRules = (
			);
			dependencies = (
			);
			name = GROAuthExample;
			productName = GROAuthExample;
			productReference = 6539BAF01C90CFF600CA1244 /* GROAuthExample.app */;
			productType = "com.apple.product-type.application";
		};
/* End PBXNativeTarget section */

/* Begin PBXProject section */
		6539BAE81C90CFF500CA1244 /* Project object */ = {
			isa = PBXProject;
			attributes = {
				LastSwiftUpdateCheck = 0720;
				LastUpgradeCheck = 0720;
				ORGANIZATIONNAME = Leio;
				TargetAttributes = {
					6539BAEF1C90CFF600CA1244 = {
						CreatedOnToolsVersion = 7.2.1;
						DevelopmentTeam = FAEW2663FW;
					};
				};
			};
			buildConfigurationList = 6539BAEB1C90CFF500CA1244 /* Build configuration list for PBXProject "GROAuthExample" */;
			compatibilityVersion = "Xcode 3.2";
			developmentRegion = English;
			hasScannedForEncodings = 0;
			knownRegions = (
				en,
				Base,
			);
			mainGroup = 6539BAE71C90CFF500CA1244;
			productRefGroup = 6539BAF11C90CFF600CA1244 /* Products */;
			projectDirPath = "";
			projectRoot = "";
			targets = (
				6539BAEF1C90CFF600CA1244 /* GROAuthExample */,
			);
		};
/* End PBXProject section */

/* Begin PBXResourcesBuildPhase section */
		6539BAEE1C90CFF600CA1244 /* Resources */ = {
			isa = PBXResourcesBuildPhase;
			buildActionMask = 2147483647;
			files = (
				6539BAFE1C90CFF600CA1244 /* LaunchScreen.storyboard in Resources */,
				6539BAFB1C90CFF600CA1244 /* Assets.xcassets in Resources */,
				6539BAF91C90CFF600CA1244 /* Main.storyboard in Resources */,
			);
			runOnlyForDeploymentPostprocessing = 0;
		};
/* End PBXResourcesBuildPhase section */

/* Begin PBXShellScriptBuildPhase section */
		6539BB091C90D33D00CA1244 /* ShellScript */ = {
			isa = PBXShellScriptBuildPhase;
			buildActionMask = 2147483647;
			files = (
			);
			inputPaths = (
				"$(SRCROOT)/Carthage/Build/iOS/OAuthSwift.framework",
				"$(SRCROOT)/Carthage/Build/iOS/SWXMLHash.framework",
			);
			outputPaths = (
			);
			runOnlyForDeploymentPostprocessing = 0;
			shellPath = /bin/sh;
			shellScript = "/usr/local/bin/carthage copy-frameworks";
		};
/* End PBXShellScriptBuildPhase section */

/* Begin PBXSourcesBuildPhase section */
		6539BAEC1C90CFF600CA1244 /* Sources */ = {
			isa = PBXSourcesBuildPhase;
			buildActionMask = 2147483647;
			files = (
				6539BAF61C90CFF600CA1244 /* ViewController.swift in Sources */,
				6539BAF41C90CFF600CA1244 /* AppDelegate.swift in Sources */,
			);
			runOnlyForDeploymentPostprocessing = 0;
		};
/* End PBXSourcesBuildPhase section */

/* Begin PBXVariantGroup section */
		6539BAF71C90CFF600CA1244 /* Main.storyboard */ = {
			isa = PBXVariantGroup;
			children = (
				6539BAF81C90CFF600CA1244 /* Base */,
			);
			name = Main.storyboard;
			sourceTree = "<group>";
		};
		6539BAFC1C90CFF600CA1244 /* LaunchScreen.storyboard */ = {
			isa = PBXVariantGroup;
			children = (
				6539BAFD1C90CFF600CA1244 /* Base */,
			);
			name = LaunchScreen.storyboard;
			sourceTree = "<group>";
		};
/* End PBXVariantGroup section */

/* Begin XCBuildConfiguration section */
		6539BB001C90CFF600CA1244 /* Debug */ = {
			isa = XCBuildConfiguration;
			buildSettings = {
				ALWAYS_SEARCH_USER_PATHS = NO;
				CLANG_CXX_LANGUAGE_STANDARD = "gnu++0x";
				CLANG_CXX_LIBRARY = "libc++";
				CLANG_ENABLE_MODULES = YES;
				CLANG_ENABLE_OBJC_ARC = YES;
				CLANG_WARN_BOOL_CONVERSION = YES;
				CLANG_WARN_CONSTANT_CONVERSION = YES;
				CLANG_WARN_DIRECT_OBJC_ISA_USAGE = YES_ERROR;
				CLANG_WARN_EMPTY_BODY = YES;
				CLANG_WARN_ENUM_CONVERSION = YES;
				CLANG_WARN_INT_CONVERSION = YES;
				CLANG_WARN_OBJC_ROOT_CLASS = YES_ERROR;
				CLANG_WARN_UNREACHABLE_CODE = YES;
				CLANG_WARN__DUPLICATE_METHOD_MATCH = YES;
				"CODE_SIGN_IDENTITY[sdk=iphoneos*]" = "iPhone Developer";
				COPY_PHASE_STRIP = NO;
				DEBUG_INFORMATION_FORMAT = dwarf;
				ENABLE_STRICT_OBJC_MSGSEND = YES;
				ENABLE_TESTABILITY = YES;
				GCC_C_LANGUAGE_STANDARD = gnu99;
				GCC_DYNAMIC_NO_PIC = NO;
				GCC_NO_COMMON_BLOCKS = YES;
				GCC_OPTIMIZATION_LEVEL = 0;
				GCC_PREPROCESSOR_DEFINITIONS = (
					"DEBUG=1",
					"$(inherited)",
				);
				GCC_WARN_64_TO_32_BIT_CONVERSION = YES;
				GCC_WARN_ABOUT_RETURN_TYPE = YES_ERROR;
				GCC_WARN_UNDECLARED_SELECTOR = YES;
				GCC_WARN_UNINITIALIZED_AUTOS = YES_AGGRESSIVE;
				GCC_WARN_UNUSED_FUNCTION = YES;
				GCC_WARN_UNUSED_VARIABLE = YES;
				IPHONEOS_DEPLOYMENT_TARGET = 9.2;
				MTL_ENABLE_DEBUG_INFO = YES;
				ONLY_ACTIVE_ARCH = YES;
				SDKROOT = iphoneos;
				SWIFT_OPTIMIZATION_LEVEL = "-Onone";
			};
			name = Debug;
		};
		6539BB011C90CFF600CA1244 /* Release */ = {
			isa = XCBuildConfiguration;
			buildSettings = {
				ALWAYS_SEARCH_USER_PATHS = NO;
				CLANG_CXX_LANGUAGE_STANDARD = "gnu++0x";
				CLANG_CXX_LIBRARY = "libc++";
				CLANG_ENABLE_MODULES = YES;
				CLANG_ENABLE_OBJC_ARC = YES;
				CLANG_WARN_BOOL_CONVERSION = YES;
				CLANG_WARN_CONSTANT_CONVERSION = YES;
				CLANG_WARN_DIRECT_OBJC_ISA_USAGE = YES_ERROR;
				CLANG_WARN_EMPTY_BODY = YES;
				CLANG_WARN_ENUM_CONVERSION = YES;
				CLANG_WARN_INT_CONVERSION = YES;
				CLANG_WARN_OBJC_ROOT_CLASS = YES_ERROR;
				CLANG_WARN_UNREACHABLE_CODE = YES;
				CLANG_WARN__DUPLICATE_METHOD_MATCH = YES;
				"CODE_SIGN_IDENTITY[sdk=iphoneos*]" = "iPhone Developer";
				COPY_PHASE_STRIP = NO;
				DEBUG_INFORMATION_FORMAT = "dwarf-with-dsym";
				ENABLE_NS_ASSERTIONS = NO;
				ENABLE_STRICT_OBJC_MSGSEND = YES;
				GCC_C_LANGUAGE_STANDARD = gnu99;
				GCC_NO_COMMON_BLOCKS = YES;
				GCC_WARN_64_TO_32_BIT_CONVERSION = YES;
				GCC_WARN_ABOUT_RETURN_TYPE = YES_ERROR;
				GCC_WARN_UNDECLARED_SELECTOR = YES;
				GCC_WARN_UNINITIALIZED_AUTOS = YES_AGGRESSIVE;
				GCC_WARN_UNUSED_FUNCTION = YES;
				GCC_WARN_UNUSED_VARIABLE = YES;
				IPHONEOS_DEPLOYMENT_TARGET = 9.2;
				MTL_ENABLE_DEBUG_INFO = NO;
				SDKROOT = iphoneos;
				VALIDATE_PRODUCT = YES;
			};
			name = Release;
		};
		6539BB031C90CFF600CA1244 /* Debug */ = {
			isa = XCBuildConfiguration;
			buildSettings = {
				ASSETCATALOG_COMPILER_APPICON_NAME = AppIcon;
				CODE_SIGN_IDENTITY = "iPhone Developer";
				"CODE_SIGN_IDENTITY[sdk=iphoneos*]" = "iPhone Developer";
				FRAMEWORK_SEARCH_PATHS = (
					"$(inherited)",
					"$(PROJECT_DIR)/Carthage/Build/iOS",
				);
				INFOPLIST_FILE = GROAuthExample/Info.plist;
				IPHONEOS_DEPLOYMENT_TARGET = 9.0;
				LD_RUNPATH_SEARCH_PATHS = "$(inherited) @executable_path/Frameworks";
				PRODUCT_BUNDLE_IDENTIFIER = co.leio.GROAuthExample;
				PRODUCT_NAME = "$(TARGET_NAME)";
				PROVISIONING_PROFILE = "";
			};
			name = Debug;
		};
		6539BB041C90CFF600CA1244 /* Release */ = {
			isa = XCBuildConfiguration;
			buildSettings = {
				ASSETCATALOG_COMPILER_APPICON_NAME = AppIcon;
				CODE_SIGN_IDENTITY = "iPhone Developer";
				"CODE_SIGN_IDENTITY[sdk=iphoneos*]" = "iPhone Developer";
				FRAMEWORK_SEARCH_PATHS = (
					"$(inherited)",
					"$(PROJECT_DIR)/Carthage/Build/iOS",
				);
				INFOPLIST_FILE = GROAuthExample/Info.plist;
				IPHONEOS_DEPLOYMENT_TARGET = 9.0;
				LD_RUNPATH_SEARCH_PATHS = "$(inherited) @executable_path/Frameworks";
				PRODUCT_BUNDLE_IDENTIFIER = co.leio.GROAuthExample;
				PRODUCT_NAME = "$(TARGET_NAME)";
				PROVISIONING_PROFILE = "";
			};
			name = Release;
		};
/* End XCBuildConfiguration section */

/* Begin XCConfigurationList section */
		6539BAEB1C90CFF500CA1244 /* Build configuration list for PBXProject "GROAuthExample" */ = {
			isa = XCConfigurationList;
			buildConfigurations = (
				6539BB001C90CFF600CA1244 /* Debug */,
				6539BB011C90CFF600CA1244 /* Release */,
			);
			defaultConfigurationIsVisible = 0;
			defaultConfigurationName = Release;
		};
		6539BB021C90CFF600CA1244 /* Build configuration list for PBXNativeTarget "GROAuthExample" */ = {
			isa = XCConfigurationList;
			buildConfigurations = (
				6539BB031C90CFF600CA1244 /* Debug */,
				6539BB041C90CFF600CA1244 /* Release */,
			);
			defaultConfigurationIsVisible = 0;
		};
/* End XCConfigurationList section */
	};
	rootObject = 6539BAE81C90CFF500CA1244 /* Project object */;
}
